// !$*UTF8*$!
{
	archiveVersion = 1;
	classes = {
	};
	objectVersion = 55;
	objects = {

/* Begin PBXBuildFile section */
		B835788027B0FC19003DAE10 /* TaskDTO.swift in Sources */ = {isa = PBXBuildFile; fileRef = B835787F27B0FC19003DAE10 /* TaskDTO.swift */; };
		B835788227B1233E003DAE10 /* AppContainer.swift in Sources */ = {isa = PBXBuildFile; fileRef = B835788127B1233E003DAE10 /* AppContainer.swift */; };
		B835788427B13E73003DAE10 /* AppRouter.swift in Sources */ = {isa = PBXBuildFile; fileRef = B835788327B13E73003DAE10 /* AppRouter.swift */; };
		B837FE5927B3037200B30482 /* Constants.swift in Sources */ = {isa = PBXBuildFile; fileRef = B837FE5827B3037200B30482 /* Constants.swift */; };
		B837FE5B27B303AA00B30482 /* LocalNotificationManager.swift in Sources */ = {isa = PBXBuildFile; fileRef = B837FE5A27B303AA00B30482 /* LocalNotificationManager.swift */; };
		B8F961F327B0411A00784D7B /* AppDelegate.swift in Sources */ = {isa = PBXBuildFile; fileRef = B8F961F227B0411A00784D7B /* AppDelegate.swift */; };
		B8F961F527B0411A00784D7B /* SceneDelegate.swift in Sources */ = {isa = PBXBuildFile; fileRef = B8F961F427B0411A00784D7B /* SceneDelegate.swift */; };
		B8F961F727B0411A00784D7B /* ViewController.swift in Sources */ = {isa = PBXBuildFile; fileRef = B8F961F627B0411A00784D7B /* ViewController.swift */; };
		B8F961FA27B0411A00784D7B /* Main.storyboard in Resources */ = {isa = PBXBuildFile; fileRef = B8F961F827B0411A00784D7B /* Main.storyboard */; };
		B8F961FD27B0411A00784D7B /* ToDoApp.xcdatamodeld in Sources */ = {isa = PBXBuildFile; fileRef = B8F961FB27B0411A00784D7B /* ToDoApp.xcdatamodeld */; };
		B8F961FF27B0411A00784D7B /* Assets.xcassets in Resources */ = {isa = PBXBuildFile; fileRef = B8F961FE27B0411A00784D7B /* Assets.xcassets */; };
		B8F9620227B0411A00784D7B /* LaunchScreen.storyboard in Resources */ = {isa = PBXBuildFile; fileRef = B8F9620027B0411A00784D7B /* LaunchScreen.storyboard */; };
		B8F9620D27B0411B00784D7B /* ToDoAppTests.swift in Sources */ = {isa = PBXBuildFile; fileRef = B8F9620C27B0411B00784D7B /* ToDoAppTests.swift */; };
		B8F9621727B0411B00784D7B /* ToDoAppUITests.swift in Sources */ = {isa = PBXBuildFile; fileRef = B8F9621627B0411B00784D7B /* ToDoAppUITests.swift */; };
		B8F9621927B0411B00784D7B /* ToDoAppUITestsLaunchTests.swift in Sources */ = {isa = PBXBuildFile; fileRef = B8F9621827B0411B00784D7B /* ToDoAppUITestsLaunchTests.swift */; };
		B8F9622827B0466F00784D7B /* TaskListBuilder.swift in Sources */ = {isa = PBXBuildFile; fileRef = B8F9622727B0466F00784D7B /* TaskListBuilder.swift */; };
		B8F9622A27B046B300784D7B /* TaskListContracts.swift in Sources */ = {isa = PBXBuildFile; fileRef = B8F9622927B046B300784D7B /* TaskListContracts.swift */; };
		B8F9622C27B0473700784D7B /* TaskListInteractor.swift in Sources */ = {isa = PBXBuildFile; fileRef = B8F9622B27B0473700784D7B /* TaskListInteractor.swift */; };
		B8F9622E27B0479700784D7B /* TaskListPresentation.swift in Sources */ = {isa = PBXBuildFile; fileRef = B8F9622D27B0479700784D7B /* TaskListPresentation.swift */; };
		B8F9623027B047BD00784D7B /* TaskListPresenter.swift in Sources */ = {isa = PBXBuildFile; fileRef = B8F9622F27B047BD00784D7B /* TaskListPresenter.swift */; };
		B8F9623227B047F100784D7B /* TaskListRouter.swift in Sources */ = {isa = PBXBuildFile; fileRef = B8F9623127B047F100784D7B /* TaskListRouter.swift */; };
		B8F9623427B0484300784D7B /* TaskList.storyboard in Resources */ = {isa = PBXBuildFile; fileRef = B8F9623327B0484300784D7B /* TaskList.storyboard */; };
		B8F9623627B0486300784D7B /* TaskListViewController.swift in Sources */ = {isa = PBXBuildFile; fileRef = B8F9623527B0486300784D7B /* TaskListViewController.swift */; };
		B8F9623A27B04D7C00784D7B /* TaskDetailBuilder.swift in Sources */ = {isa = PBXBuildFile; fileRef = B8F9623927B04D7C00784D7B /* TaskDetailBuilder.swift */; };
		B8F9624627B04FA300784D7B /* TaskDetailContracts.swift in Sources */ = {isa = PBXBuildFile; fileRef = B8F9624527B04FA300784D7B /* TaskDetailContracts.swift */; };
		B8F9624827B050C600784D7B /* TaskDetail.storyboard in Resources */ = {isa = PBXBuildFile; fileRef = B8F9624727B050C600784D7B /* TaskDetail.storyboard */; };
		B8F9624A27B051D800784D7B /* TaskDetailTableViewController.swift in Sources */ = {isa = PBXBuildFile; fileRef = B8F9624927B051D800784D7B /* TaskDetailTableViewController.swift */; };
		B8F9624C27B0525300784D7B /* TaskDetailInteractor.swift in Sources */ = {isa = PBXBuildFile; fileRef = B8F9624B27B0525300784D7B /* TaskDetailInteractor.swift */; };
		B8F9624E27B0531300784D7B /* TaskDetailPresentation.swift in Sources */ = {isa = PBXBuildFile; fileRef = B8F9624D27B0531300784D7B /* TaskDetailPresentation.swift */; };
		B8F9625027B053AE00784D7B /* TaskDetailRouter.swift in Sources */ = {isa = PBXBuildFile; fileRef = B8F9624F27B053AE00784D7B /* TaskDetailRouter.swift */; };
		B8F9625227B0542300784D7B /* TaskDetailPresenter.swift in Sources */ = {isa = PBXBuildFile; fileRef = B8F9625127B0542300784D7B /* TaskDetailPresenter.swift */; };
		B8F9625A27B0EE6900784D7B /* ManagerContracts.swift in Sources */ = {isa = PBXBuildFile; fileRef = B8F9625927B0EE6900784D7B /* ManagerContracts.swift */; };
		B8F9625C27B0EF3800784D7B /* CoreDataManager.swift in Sources */ = {isa = PBXBuildFile; fileRef = B8F9625B27B0EF3800784D7B /* CoreDataManager.swift */; };
/* End PBXBuildFile section */

/* Begin PBXContainerItemProxy section */
		B8F9620927B0411B00784D7B /* PBXContainerItemProxy */ = {
			isa = PBXContainerItemProxy;
			containerPortal = B8F961E727B0411A00784D7B /* Project object */;
			proxyType = 1;
			remoteGlobalIDString = B8F961EE27B0411A00784D7B;
			remoteInfo = ToDoApp;
		};
		B8F9621327B0411B00784D7B /* PBXContainerItemProxy */ = {
			isa = PBXContainerItemProxy;
			containerPortal = B8F961E727B0411A00784D7B /* Project object */;
			proxyType = 1;
			remoteGlobalIDString = B8F961EE27B0411A00784D7B;
			remoteInfo = ToDoApp;
		};
/* End PBXContainerItemProxy section */

/* Begin PBXFileReference section */
		B835787F27B0FC19003DAE10 /* TaskDTO.swift */ = {isa = PBXFileReference; lastKnownFileType = sourcecode.swift; path = TaskDTO.swift; sourceTree = "<group>"; };
		B835788127B1233E003DAE10 /* AppContainer.swift */ = {isa = PBXFileReference; lastKnownFileType = sourcecode.swift; path = AppContainer.swift; sourceTree = "<group>"; };
		B835788327B13E73003DAE10 /* AppRouter.swift */ = {isa = PBXFileReference; lastKnownFileType = sourcecode.swift; path = AppRouter.swift; sourceTree = "<group>"; };
		B837FE5827B3037200B30482 /* Constants.swift */ = {isa = PBXFileReference; lastKnownFileType = sourcecode.swift; path = Constants.swift; sourceTree = "<group>"; };
		B837FE5A27B303AA00B30482 /* LocalNotificationManager.swift */ = {isa = PBXFileReference; lastKnownFileType = sourcecode.swift; path = LocalNotificationManager.swift; sourceTree = "<group>"; };
		B8F961EF27B0411A00784D7B /* ToDoApp.app */ = {isa = PBXFileReference; explicitFileType = wrapper.application; includeInIndex = 0; path = ToDoApp.app; sourceTree = BUILT_PRODUCTS_DIR; };
		B8F961F227B0411A00784D7B /* AppDelegate.swift */ = {isa = PBXFileReference; lastKnownFileType = sourcecode.swift; path = AppDelegate.swift; sourceTree = "<group>"; };
		B8F961F427B0411A00784D7B /* SceneDelegate.swift */ = {isa = PBXFileReference; lastKnownFileType = sourcecode.swift; path = SceneDelegate.swift; sourceTree = "<group>"; };
		B8F961F627B0411A00784D7B /* ViewController.swift */ = {isa = PBXFileReference; lastKnownFileType = sourcecode.swift; path = ViewController.swift; sourceTree = "<group>"; };
		B8F961F927B0411A00784D7B /* Base */ = {isa = PBXFileReference; lastKnownFileType = file.storyboard; name = Base; path = Base.lproj/Main.storyboard; sourceTree = "<group>"; };
		B8F961FC27B0411A00784D7B /* ToDoApp.xcdatamodel */ = {isa = PBXFileReference; lastKnownFileType = wrapper.xcdatamodel; path = ToDoApp.xcdatamodel; sourceTree = "<group>"; };
		B8F961FE27B0411A00784D7B /* Assets.xcassets */ = {isa = PBXFileReference; lastKnownFileType = folder.assetcatalog; path = Assets.xcassets; sourceTree = "<group>"; };
		B8F9620127B0411A00784D7B /* Base */ = {isa = PBXFileReference; lastKnownFileType = file.storyboard; name = Base; path = Base.lproj/LaunchScreen.storyboard; sourceTree = "<group>"; };
		B8F9620327B0411A00784D7B /* Info.plist */ = {isa = PBXFileReference; lastKnownFileType = text.plist.xml; path = Info.plist; sourceTree = "<group>"; };
		B8F9620827B0411B00784D7B /* ToDoAppTests.xctest */ = {isa = PBXFileReference; explicitFileType = wrapper.cfbundle; includeInIndex = 0; path = ToDoAppTests.xctest; sourceTree = BUILT_PRODUCTS_DIR; };
		B8F9620C27B0411B00784D7B /* ToDoAppTests.swift */ = {isa = PBXFileReference; lastKnownFileType = sourcecode.swift; path = ToDoAppTests.swift; sourceTree = "<group>"; };
		B8F9621227B0411B00784D7B /* ToDoAppUITests.xctest */ = {isa = PBXFileReference; explicitFileType = wrapper.cfbundle; includeInIndex = 0; path = ToDoAppUITests.xctest; sourceTree = BUILT_PRODUCTS_DIR; };
		B8F9621627B0411B00784D7B /* ToDoAppUITests.swift */ = {isa = PBXFileReference; lastKnownFileType = sourcecode.swift; path = ToDoAppUITests.swift; sourceTree = "<group>"; };
		B8F9621827B0411B00784D7B /* ToDoAppUITestsLaunchTests.swift */ = {isa = PBXFileReference; lastKnownFileType = sourcecode.swift; path = ToDoAppUITestsLaunchTests.swift; sourceTree = "<group>"; };
		B8F9622727B0466F00784D7B /* TaskListBuilder.swift */ = {isa = PBXFileReference; lastKnownFileType = sourcecode.swift; path = TaskListBuilder.swift; sourceTree = "<group>"; };
		B8F9622927B046B300784D7B /* TaskListContracts.swift */ = {isa = PBXFileReference; lastKnownFileType = sourcecode.swift; path = TaskListContracts.swift; sourceTree = "<group>"; };
		B8F9622B27B0473700784D7B /* TaskListInteractor.swift */ = {isa = PBXFileReference; lastKnownFileType = sourcecode.swift; path = TaskListInteractor.swift; sourceTree = "<group>"; };
		B8F9622D27B0479700784D7B /* TaskListPresentation.swift */ = {isa = PBXFileReference; lastKnownFileType = sourcecode.swift; path = TaskListPresentation.swift; sourceTree = "<group>"; };
		B8F9622F27B047BD00784D7B /* TaskListPresenter.swift */ = {isa = PBXFileReference; lastKnownFileType = sourcecode.swift; path = TaskListPresenter.swift; sourceTree = "<group>"; };
		B8F9623127B047F100784D7B /* TaskListRouter.swift */ = {isa = PBXFileReference; lastKnownFileType = sourcecode.swift; path = TaskListRouter.swift; sourceTree = "<group>"; };
		B8F9623327B0484300784D7B /* TaskList.storyboard */ = {isa = PBXFileReference; lastKnownFileType = file.storyboard; path = TaskList.storyboard; sourceTree = "<group>"; };
		B8F9623527B0486300784D7B /* TaskListViewController.swift */ = {isa = PBXFileReference; lastKnownFileType = sourcecode.swift; path = TaskListViewController.swift; sourceTree = "<group>"; };
		B8F9623927B04D7C00784D7B /* TaskDetailBuilder.swift */ = {isa = PBXFileReference; lastKnownFileType = sourcecode.swift; path = TaskDetailBuilder.swift; sourceTree = "<group>"; };
		B8F9624527B04FA300784D7B /* TaskDetailContracts.swift */ = {isa = PBXFileReference; lastKnownFileType = sourcecode.swift; path = TaskDetailContracts.swift; sourceTree = "<group>"; };
		B8F9624727B050C600784D7B /* TaskDetail.storyboard */ = {isa = PBXFileReference; lastKnownFileType = file.storyboard; path = TaskDetail.storyboard; sourceTree = "<group>"; };
		B8F9624927B051D800784D7B /* TaskDetailTableViewController.swift */ = {isa = PBXFileReference; lastKnownFileType = sourcecode.swift; path = TaskDetailTableViewController.swift; sourceTree = "<group>"; };
		B8F9624B27B0525300784D7B /* TaskDetailInteractor.swift */ = {isa = PBXFileReference; lastKnownFileType = sourcecode.swift; path = TaskDetailInteractor.swift; sourceTree = "<group>"; };
		B8F9624D27B0531300784D7B /* TaskDetailPresentation.swift */ = {isa = PBXFileReference; lastKnownFileType = sourcecode.swift; path = TaskDetailPresentation.swift; sourceTree = "<group>"; };
		B8F9624F27B053AE00784D7B /* TaskDetailRouter.swift */ = {isa = PBXFileReference; lastKnownFileType = sourcecode.swift; path = TaskDetailRouter.swift; sourceTree = "<group>"; };
		B8F9625127B0542300784D7B /* TaskDetailPresenter.swift */ = {isa = PBXFileReference; lastKnownFileType = sourcecode.swift; path = TaskDetailPresenter.swift; sourceTree = "<group>"; };
		B8F9625927B0EE6900784D7B /* ManagerContracts.swift */ = {isa = PBXFileReference; lastKnownFileType = sourcecode.swift; path = ManagerContracts.swift; sourceTree = "<group>"; };
		B8F9625B27B0EF3800784D7B /* CoreDataManager.swift */ = {isa = PBXFileReference; lastKnownFileType = sourcecode.swift; path = CoreDataManager.swift; sourceTree = "<group>"; };
/* End PBXFileReference section */

/* Begin PBXFrameworksBuildPhase section */
		B8F961EC27B0411A00784D7B /* Frameworks */ = {
			isa = PBXFrameworksBuildPhase;
			buildActionMask = 2147483647;
			files = (
			);
			runOnlyForDeploymentPostprocessing = 0;
		};
		B8F9620527B0411B00784D7B /* Frameworks */ = {
			isa = PBXFrameworksBuildPhase;
			buildActionMask = 2147483647;
			files = (
			);
			runOnlyForDeploymentPostprocessing = 0;
		};
		B8F9620F27B0411B00784D7B /* Frameworks */ = {
			isa = PBXFrameworksBuildPhase;
			buildActionMask = 2147483647;
			files = (
			);
			runOnlyForDeploymentPostprocessing = 0;
		};
/* End PBXFrameworksBuildPhase section */

/* Begin PBXGroup section */
		B837FE5627B3035000B30482 /* Utiliy */ = {
			isa = PBXGroup;
			children = (
				B837FE5727B3035900B30482 /* Constants */,
			);
			path = Utiliy;
			sourceTree = "<group>";
		};
		B837FE5727B3035900B30482 /* Constants */ = {
			isa = PBXGroup;
			children = (
				B837FE5827B3037200B30482 /* Constants.swift */,
			);
			path = Constants;
			sourceTree = "<group>";
		};
		B8F961E627B0411A00784D7B = {
			isa = PBXGroup;
			children = (
				B8F961F127B0411A00784D7B /* ToDoApp */,
				B8F9620B27B0411B00784D7B /* ToDoAppTests */,
				B8F9621527B0411B00784D7B /* ToDoAppUITests */,
				B8F961F027B0411A00784D7B /* Products */,
			);
			sourceTree = "<group>";
		};
		B8F961F027B0411A00784D7B /* Products */ = {
			isa = PBXGroup;
			children = (
				B8F961EF27B0411A00784D7B /* ToDoApp.app */,
				B8F9620827B0411B00784D7B /* ToDoAppTests.xctest */,
				B8F9621227B0411B00784D7B /* ToDoAppUITests.xctest */,
			);
			name = Products;
			sourceTree = "<group>";
		};
		B8F961F127B0411A00784D7B /* ToDoApp */ = {
			isa = PBXGroup;
			children = (
				B837FE5627B3035000B30482 /* Utiliy */,
				B8F9622527B0461A00784D7B /* Screens */,
				B8F9625827B0EE0200784D7B /* Manager */,
				B8F9623727B04B9100784D7B /* Resource */,
				B8F961F627B0411A00784D7B /* ViewController.swift */,
				B8F961F827B0411A00784D7B /* Main.storyboard */,
				B8F9620027B0411A00784D7B /* LaunchScreen.storyboard */,
				B8F9620327B0411A00784D7B /* Info.plist */,
				B8F961FB27B0411A00784D7B /* ToDoApp.xcdatamodeld */,
			);
			path = ToDoApp;
			sourceTree = "<group>";
		};
		B8F9620B27B0411B00784D7B /* ToDoAppTests */ = {
			isa = PBXGroup;
			children = (
				B8F9620C27B0411B00784D7B /* ToDoAppTests.swift */,
			);
			path = ToDoAppTests;
			sourceTree = "<group>";
		};
		B8F9621527B0411B00784D7B /* ToDoAppUITests */ = {
			isa = PBXGroup;
			children = (
				B8F9621627B0411B00784D7B /* ToDoAppUITests.swift */,
				B8F9621827B0411B00784D7B /* ToDoAppUITestsLaunchTests.swift */,
			);
			path = ToDoAppUITests;
			sourceTree = "<group>";
		};
		B8F9622527B0461A00784D7B /* Screens */ = {
			isa = PBXGroup;
			children = (
				B8F9622627B0462600784D7B /* TaskList */,
				B8F9623827B04CFE00784D7B /* TaskDetail */,
			);
			path = Screens;
			sourceTree = "<group>";
		};
		B8F9622627B0462600784D7B /* TaskList */ = {
			isa = PBXGroup;
			children = (
				B8F9623327B0484300784D7B /* TaskList.storyboard */,
				B8F9623527B0486300784D7B /* TaskListViewController.swift */,
				B8F9622727B0466F00784D7B /* TaskListBuilder.swift */,
				B8F9622927B046B300784D7B /* TaskListContracts.swift */,
				B8F9622B27B0473700784D7B /* TaskListInteractor.swift */,
				B8F9622D27B0479700784D7B /* TaskListPresentation.swift */,
				B8F9622F27B047BD00784D7B /* TaskListPresenter.swift */,
				B8F9623127B047F100784D7B /* TaskListRouter.swift */,
			);
			path = TaskList;
			sourceTree = "<group>";
		};
		B8F9623727B04B9100784D7B /* Resource */ = {
			isa = PBXGroup;
			children = (
				B835788127B1233E003DAE10 /* AppContainer.swift */,
				B835788327B13E73003DAE10 /* AppRouter.swift */,
				B8F961F227B0411A00784D7B /* AppDelegate.swift */,
				B8F961F427B0411A00784D7B /* SceneDelegate.swift */,
				B8F961FE27B0411A00784D7B /* Assets.xcassets */,
			);
			path = Resource;
			sourceTree = "<group>";
		};
		B8F9623827B04CFE00784D7B /* TaskDetail */ = {
			isa = PBXGroup;
			children = (
				B8F9624727B050C600784D7B /* TaskDetail.storyboard */,
				B8F9624927B051D800784D7B /* TaskDetailTableViewController.swift */,
				B8F9623927B04D7C00784D7B /* TaskDetailBuilder.swift */,
				B8F9624527B04FA300784D7B /* TaskDetailContracts.swift */,
				B8F9624B27B0525300784D7B /* TaskDetailInteractor.swift */,
				B8F9624D27B0531300784D7B /* TaskDetailPresentation.swift */,
				B8F9624F27B053AE00784D7B /* TaskDetailRouter.swift */,
				B8F9625127B0542300784D7B /* TaskDetailPresenter.swift */,
			);
			path = TaskDetail;
			sourceTree = "<group>";
		};
		B8F9625827B0EE0200784D7B /* Manager */ = {
			isa = PBXGroup;
			children = (
				B8F9625927B0EE6900784D7B /* ManagerContracts.swift */,
				B8F9625B27B0EF3800784D7B /* CoreDataManager.swift */,
				B835787F27B0FC19003DAE10 /* TaskDTO.swift */,
				B837FE5A27B303AA00B30482 /* LocalNotificationManager.swift */,
			);
			path = Manager;
			sourceTree = "<group>";
		};
/* End PBXGroup section */

/* Begin PBXNativeTarget section */
		B8F961EE27B0411A00784D7B /* ToDoApp */ = {
			isa = PBXNativeTarget;
			buildConfigurationList = B8F9621C27B0411B00784D7B /* Build configuration list for PBXNativeTarget "ToDoApp" */;
			buildPhases = (
				B8F961EB27B0411A00784D7B /* Sources */,
				B8F961EC27B0411A00784D7B /* Frameworks */,
				B8F961ED27B0411A00784D7B /* Resources */,
			);
			buildRules = (
			);
			dependencies = (
			);
			name = ToDoApp;
			productName = ToDoApp;
			productReference = B8F961EF27B0411A00784D7B /* ToDoApp.app */;
			productType = "com.apple.product-type.application";
		};
		B8F9620727B0411B00784D7B /* ToDoAppTests */ = {
			isa = PBXNativeTarget;
			buildConfigurationList = B8F9621F27B0411B00784D7B /* Build configuration list for PBXNativeTarget "ToDoAppTests" */;
			buildPhases = (
				B8F9620427B0411B00784D7B /* Sources */,
				B8F9620527B0411B00784D7B /* Frameworks */,
				B8F9620627B0411B00784D7B /* Resources */,
			);
			buildRules = (
			);
			dependencies = (
				B8F9620A27B0411B00784D7B /* PBXTargetDependency */,
			);
			name = ToDoAppTests;
			productName = ToDoAppTests;
			productReference = B8F9620827B0411B00784D7B /* ToDoAppTests.xctest */;
			productType = "com.apple.product-type.bundle.unit-test";
		};
		B8F9621127B0411B00784D7B /* ToDoAppUITests */ = {
			isa = PBXNativeTarget;
			buildConfigurationList = B8F9622227B0411B00784D7B /* Build configuration list for PBXNativeTarget "ToDoAppUITests" */;
			buildPhases = (
				B8F9620E27B0411B00784D7B /* Sources */,
				B8F9620F27B0411B00784D7B /* Frameworks */,
				B8F9621027B0411B00784D7B /* Resources */,
			);
			buildRules = (
			);
			dependencies = (
				B8F9621427B0411B00784D7B /* PBXTargetDependency */,
			);
			name = ToDoAppUITests;
			productName = ToDoAppUITests;
			productReference = B8F9621227B0411B00784D7B /* ToDoAppUITests.xctest */;
			productType = "com.apple.product-type.bundle.ui-testing";
		};
/* End PBXNativeTarget section */

/* Begin PBXProject section */
		B8F961E727B0411A00784D7B /* Project object */ = {
			isa = PBXProject;
			attributes = {
				BuildIndependentTargetsInParallel = 1;
				LastSwiftUpdateCheck = 1320;
				LastUpgradeCheck = 1320;
				TargetAttributes = {
					B8F961EE27B0411A00784D7B = {
						CreatedOnToolsVersion = 13.2.1;
					};
					B8F9620727B0411B00784D7B = {
						CreatedOnToolsVersion = 13.2.1;
						TestTargetID = B8F961EE27B0411A00784D7B;
					};
					B8F9621127B0411B00784D7B = {
						CreatedOnToolsVersion = 13.2.1;
						TestTargetID = B8F961EE27B0411A00784D7B;
					};
				};
			};
			buildConfigurationList = B8F961EA27B0411A00784D7B /* Build configuration list for PBXProject "ToDoApp" */;
			compatibilityVersion = "Xcode 13.0";
			developmentRegion = en;
			hasScannedForEncodings = 0;
			knownRegions = (
				en,
				Base,
			);
			mainGroup = B8F961E627B0411A00784D7B;
			productRefGroup = B8F961F027B0411A00784D7B /* Products */;
			projectDirPath = "";
			projectRoot = "";
			targets = (
				B8F961EE27B0411A00784D7B /* ToDoApp */,
				B8F9620727B0411B00784D7B /* ToDoAppTests */,
				B8F9621127B0411B00784D7B /* ToDoAppUITests */,
			);
		};
/* End PBXProject section */

/* Begin PBXResourcesBuildPhase section */
		B8F961ED27B0411A00784D7B /* Resources */ = {
			isa = PBXResourcesBuildPhase;
			buildActionMask = 2147483647;
			files = (
				B8F9620227B0411A00784D7B /* LaunchScreen.storyboard in Resources */,
				B8F9623427B0484300784D7B /* TaskList.storyboard in Resources */,
				B8F9624827B050C600784D7B /* TaskDetail.storyboard in Resources */,
				B8F961FF27B0411A00784D7B /* Assets.xcassets in Resources */,
				B8F961FA27B0411A00784D7B /* Main.storyboard in Resources */,
			);
			runOnlyForDeploymentPostprocessing = 0;
		};
		B8F9620627B0411B00784D7B /* Resources */ = {
			isa = PBXResourcesBuildPhase;
			buildActionMask = 2147483647;
			files = (
			);
			runOnlyForDeploymentPostprocessing = 0;
		};
		B8F9621027B0411B00784D7B /* Resources */ = {
			isa = PBXResourcesBuildPhase;
			buildActionMask = 2147483647;
			files = (
			);
			runOnlyForDeploymentPostprocessing = 0;
		};
/* End PBXResourcesBuildPhase section */

/* Begin PBXSourcesBuildPhase section */
		B8F961EB27B0411A00784D7B /* Sources */ = {
			isa = PBXSourcesBuildPhase;
			buildActionMask = 2147483647;
			files = (
				B8F9622E27B0479700784D7B /* TaskListPresentation.swift in Sources */,
				B8F9623627B0486300784D7B /* TaskListViewController.swift in Sources */,
				B8F961F727B0411A00784D7B /* ViewController.swift in Sources */,
				B8F9625027B053AE00784D7B /* TaskDetailRouter.swift in Sources */,
				B8F9624A27B051D800784D7B /* TaskDetailTableViewController.swift in Sources */,
				B8F9623027B047BD00784D7B /* TaskListPresenter.swift in Sources */,
				B835788027B0FC19003DAE10 /* TaskDTO.swift in Sources */,
				B837FE5B27B303AA00B30482 /* LocalNotificationManager.swift in Sources */,
				B8F961F327B0411A00784D7B /* AppDelegate.swift in Sources */,
				B8F961F527B0411A00784D7B /* SceneDelegate.swift in Sources */,
				B835788427B13E73003DAE10 /* AppRouter.swift in Sources */,
				B8F9623227B047F100784D7B /* TaskListRouter.swift in Sources */,
				B8F9623A27B04D7C00784D7B /* TaskDetailBuilder.swift in Sources */,
				B8F9624E27B0531300784D7B /* TaskDetailPresentation.swift in Sources */,
				B8F9624C27B0525300784D7B /* TaskDetailInteractor.swift in Sources */,
				B8F9625A27B0EE6900784D7B /* ManagerContracts.swift in Sources */,
				B8F9624627B04FA300784D7B /* TaskDetailContracts.swift in Sources */,
				B8F9622827B0466F00784D7B /* TaskListBuilder.swift in Sources */,
				B8F9625227B0542300784D7B /* TaskDetailPresenter.swift in Sources */,
				B835788227B1233E003DAE10 /* AppContainer.swift in Sources */,
				B8F9622A27B046B300784D7B /* TaskListContracts.swift in Sources */,
				B8F961FD27B0411A00784D7B /* ToDoApp.xcdatamodeld in Sources */,
				B8F9625C27B0EF3800784D7B /* CoreDataManager.swift in Sources */,
				B8F9622C27B0473700784D7B /* TaskListInteractor.swift in Sources */,
				B837FE5927B3037200B30482 /* Constants.swift in Sources */,
			);
			runOnlyForDeploymentPostprocessing = 0;
		};
		B8F9620427B0411B00784D7B /* Sources */ = {
			isa = PBXSourcesBuildPhase;
			buildActionMask = 2147483647;
			files = (
				B8F9620D27B0411B00784D7B /* ToDoAppTests.swift in Sources */,
			);
			runOnlyForDeploymentPostprocessing = 0;
		};
		B8F9620E27B0411B00784D7B /* Sources */ = {
			isa = PBXSourcesBuildPhase;
			buildActionMask = 2147483647;
			files = (
				B8F9621927B0411B00784D7B /* ToDoAppUITestsLaunchTests.swift in Sources */,
				B8F9621727B0411B00784D7B /* ToDoAppUITests.swift in Sources */,
			);
			runOnlyForDeploymentPostprocessing = 0;
		};
/* End PBXSourcesBuildPhase section */

/* Begin PBXTargetDependency section */
		B8F9620A27B0411B00784D7B /* PBXTargetDependency */ = {
			isa = PBXTargetDependency;
			target = B8F961EE27B0411A00784D7B /* ToDoApp */;
			targetProxy = B8F9620927B0411B00784D7B /* PBXContainerItemProxy */;
		};
		B8F9621427B0411B00784D7B /* PBXTargetDependency */ = {
			isa = PBXTargetDependency;
			target = B8F961EE27B0411A00784D7B /* ToDoApp */;
			targetProxy = B8F9621327B0411B00784D7B /* PBXContainerItemProxy */;
		};
/* End PBXTargetDependency section */

/* Begin PBXVariantGroup section */
		B8F961F827B0411A00784D7B /* Main.storyboard */ = {
			isa = PBXVariantGroup;
			children = (
				B8F961F927B0411A00784D7B /* Base */,
			);
			name = Main.storyboard;
			sourceTree = "<group>";
		};
		B8F9620027B0411A00784D7B /* LaunchScreen.storyboard */ = {
			isa = PBXVariantGroup;
			children = (
				B8F9620127B0411A00784D7B /* Base */,
			);
			name = LaunchScreen.storyboard;
			sourceTree = "<group>";
		};
/* End PBXVariantGroup section */

/* Begin XCBuildConfiguration section */
		B8F9621A27B0411B00784D7B /* Debug */ = {
			isa = XCBuildConfiguration;
			buildSettings = {
				ALWAYS_SEARCH_USER_PATHS = NO;
				CLANG_ANALYZER_NONNULL = YES;
				CLANG_ANALYZER_NUMBER_OBJECT_CONVERSION = YES_AGGRESSIVE;
				CLANG_CXX_LANGUAGE_STANDARD = "gnu++17";
				CLANG_CXX_LIBRARY = "libc++";
				CLANG_ENABLE_MODULES = YES;
				CLANG_ENABLE_OBJC_ARC = YES;
				CLANG_ENABLE_OBJC_WEAK = YES;
				CLANG_WARN_BLOCK_CAPTURE_AUTORELEASING = YES;
				CLANG_WARN_BOOL_CONVERSION = YES;
				CLANG_WARN_COMMA = YES;
				CLANG_WARN_CONSTANT_CONVERSION = YES;
				CLANG_WARN_DEPRECATED_OBJC_IMPLEMENTATIONS = YES;
				CLANG_WARN_DIRECT_OBJC_ISA_USAGE = YES_ERROR;
				CLANG_WARN_DOCUMENTATION_COMMENTS = YES;
				CLANG_WARN_EMPTY_BODY = YES;
				CLANG_WARN_ENUM_CONVERSION = YES;
				CLANG_WARN_INFINITE_RECURSION = YES;
				CLANG_WARN_INT_CONVERSION = YES;
				CLANG_WARN_NON_LITERAL_NULL_CONVERSION = YES;
				CLANG_WARN_OBJC_IMPLICIT_RETAIN_SELF = YES;
				CLANG_WARN_OBJC_LITERAL_CONVERSION = YES;
				CLANG_WARN_OBJC_ROOT_CLASS = YES_ERROR;
				CLANG_WARN_QUOTED_INCLUDE_IN_FRAMEWORK_HEADER = YES;
				CLANG_WARN_RANGE_LOOP_ANALYSIS = YES;
				CLANG_WARN_STRICT_PROTOTYPES = YES;
				CLANG_WARN_SUSPICIOUS_MOVE = YES;
				CLANG_WARN_UNGUARDED_AVAILABILITY = YES_AGGRESSIVE;
				CLANG_WARN_UNREACHABLE_CODE = YES;
				CLANG_WARN__DUPLICATE_METHOD_MATCH = YES;
				COPY_PHASE_STRIP = NO;
				DEBUG_INFORMATION_FORMAT = dwarf;
				ENABLE_STRICT_OBJC_MSGSEND = YES;
				ENABLE_TESTABILITY = YES;
				GCC_C_LANGUAGE_STANDARD = gnu11;
				GCC_DYNAMIC_NO_PIC = NO;
				GCC_NO_COMMON_BLOCKS = YES;
				GCC_OPTIMIZATION_LEVEL = 0;
				GCC_PREPROCESSOR_DEFINITIONS = (
					"DEBUG=1",
					"$(inherited)",
				);
				GCC_WARN_64_TO_32_BIT_CONVERSION = YES;
				GCC_WARN_ABOUT_RETURN_TYPE = YES_ERROR;
				GCC_WARN_UNDECLARED_SELECTOR = YES;
				GCC_WARN_UNINITIALIZED_AUTOS = YES_AGGRESSIVE;
				GCC_WARN_UNUSED_FUNCTION = YES;
				GCC_WARN_UNUSED_VARIABLE = YES;
				IPHONEOS_DEPLOYMENT_TARGET = 15.2;
				MTL_ENABLE_DEBUG_INFO = INCLUDE_SOURCE;
				MTL_FAST_MATH = YES;
				ONLY_ACTIVE_ARCH = YES;
				SDKROOT = iphoneos;
				SWIFT_ACTIVE_COMPILATION_CONDITIONS = DEBUG;
				SWIFT_OPTIMIZATION_LEVEL = "-Onone";
			};
			name = Debug;
		};
		B8F9621B27B0411B00784D7B /* Release */ = {
			isa = XCBuildConfiguration;
			buildSettings = {
				ALWAYS_SEARCH_USER_PATHS = NO;
				CLANG_ANALYZER_NONNULL = YES;
				CLANG_ANALYZER_NUMBER_OBJECT_CONVERSION = YES_AGGRESSIVE;
				CLANG_CXX_LANGUAGE_STANDARD = "gnu++17";
				CLANG_CXX_LIBRARY = "libc++";
				CLANG_ENABLE_MODULES = YES;
				CLANG_ENABLE_OBJC_ARC = YES;
				CLANG_ENABLE_OBJC_WEAK = YES;
				CLANG_WARN_BLOCK_CAPTURE_AUTORELEASING = YES;
				CLANG_WARN_BOOL_CONVERSION = YES;
				CLANG_WARN_COMMA = YES;
				CLANG_WARN_CONSTANT_CONVERSION = YES;
				CLANG_WARN_DEPRECATED_OBJC_IMPLEMENTATIONS = YES;
				CLANG_WARN_DIRECT_OBJC_ISA_USAGE = YES_ERROR;
				CLANG_WARN_DOCUMENTATION_COMMENTS = YES;
				CLANG_WARN_EMPTY_BODY = YES;
				CLANG_WARN_ENUM_CONVERSION = YES;
				CLANG_WARN_INFINITE_RECURSION = YES;
				CLANG_WARN_INT_CONVERSION = YES;
				CLANG_WARN_NON_LITERAL_NULL_CONVERSION = YES;
				CLANG_WARN_OBJC_IMPLICIT_RETAIN_SELF = YES;
				CLANG_WARN_OBJC_LITERAL_CONVERSION = YES;
				CLANG_WARN_OBJC_ROOT_CLASS = YES_ERROR;
				CLANG_WARN_QUOTED_INCLUDE_IN_FRAMEWORK_HEADER = YES;
				CLANG_WARN_RANGE_LOOP_ANALYSIS = YES;
				CLANG_WARN_STRICT_PROTOTYPES = YES;
				CLANG_WARN_SUSPICIOUS_MOVE = YES;
				CLANG_WARN_UNGUARDED_AVAILABILITY = YES_AGGRESSIVE;
				CLANG_WARN_UNREACHABLE_CODE = YES;
				CLANG_WARN__DUPLICATE_METHOD_MATCH = YES;
				COPY_PHASE_STRIP = NO;
				DEBUG_INFORMATION_FORMAT = "dwarf-with-dsym";
				ENABLE_NS_ASSERTIONS = NO;
				ENABLE_STRICT_OBJC_MSGSEND = YES;
				GCC_C_LANGUAGE_STANDARD = gnu11;
				GCC_NO_COMMON_BLOCKS = YES;
				GCC_WARN_64_TO_32_BIT_CONVERSION = YES;
				GCC_WARN_ABOUT_RETURN_TYPE = YES_ERROR;
				GCC_WARN_UNDECLARED_SELECTOR = YES;
				GCC_WARN_UNINITIALIZED_AUTOS = YES_AGGRESSIVE;
				GCC_WARN_UNUSED_FUNCTION = YES;
				GCC_WARN_UNUSED_VARIABLE = YES;
				IPHONEOS_DEPLOYMENT_TARGET = 15.2;
				MTL_ENABLE_DEBUG_INFO = NO;
				MTL_FAST_MATH = YES;
				SDKROOT = iphoneos;
				SWIFT_COMPILATION_MODE = wholemodule;
				SWIFT_OPTIMIZATION_LEVEL = "-O";
				VALIDATE_PRODUCT = YES;
			};
			name = Release;
		};
		B8F9621D27B0411B00784D7B /* Debug */ = {
			isa = XCBuildConfiguration;
			buildSettings = {
				ASSETCATALOG_COMPILER_APPICON_NAME = AppIcon;
				ASSETCATALOG_COMPILER_GLOBAL_ACCENT_COLOR_NAME = AccentColor;
				CODE_SIGN_STYLE = Automatic;
				CURRENT_PROJECT_VERSION = 1;
				GENERATE_INFOPLIST_FILE = YES;
				INFOPLIST_FILE = ToDoApp/Info.plist;
				INFOPLIST_KEY_UIApplicationSupportsIndirectInputEvents = YES;
				INFOPLIST_KEY_UILaunchStoryboardName = LaunchScreen;
				INFOPLIST_KEY_UIMainStoryboardFile = TaskList;
				INFOPLIST_KEY_UISupportedInterfaceOrientations_iPad = "UIInterfaceOrientationPortrait UIInterfaceOrientationPortraitUpsideDown UIInterfaceOrientationLandscapeLeft UIInterfaceOrientationLandscapeRight";
				INFOPLIST_KEY_UISupportedInterfaceOrientations_iPhone = "UIInterfaceOrientationPortrait UIInterfaceOrientationLandscapeLeft UIInterfaceOrientationLandscapeRight";
				LD_RUNPATH_SEARCH_PATHS = (
					"$(inherited)",
					"@executable_path/Frameworks",
				);
				MARKETING_VERSION = 1.0;
				PRODUCT_BUNDLE_IDENTIFIER = eser.ToDoApp;
				PRODUCT_NAME = "$(TARGET_NAME)";
				SWIFT_EMIT_LOC_STRINGS = YES;
				SWIFT_VERSION = 5.0;
				TARGETED_DEVICE_FAMILY = "1,2";
			};
			name = Debug;
		};
		B8F9621E27B0411B00784D7B /* Release */ = {
			isa = XCBuildConfiguration;
			buildSettings = {
				ASSETCATALOG_COMPILER_APPICON_NAME = AppIcon;
				ASSETCATALOG_COMPILER_GLOBAL_ACCENT_COLOR_NAME = AccentColor;
				CODE_SIGN_STYLE = Automatic;
				CURRENT_PROJECT_VERSION = 1;
				GENERATE_INFOPLIST_FILE = YES;
				INFOPLIST_FILE = ToDoApp/Info.plist;
				INFOPLIST_KEY_UIApplicationSupportsIndirectInputEvents = YES;
				INFOPLIST_KEY_UILaunchStoryboardName = LaunchScreen;
				INFOPLIST_KEY_UIMainStoryboardFile = TaskList;
				INFOPLIST_KEY_UISupportedInterfaceOrientations_iPad = "UIInterfaceOrientationPortrait UIInterfaceOrientationPortraitUpsideDown UIInterfaceOrientationLandscapeLeft UIInterfaceOrientationLandscapeRight";
				INFOPLIST_KEY_UISupportedInterfaceOrientations_iPhone = "UIInterfaceOrientationPortrait UIInterfaceOrientationLandscapeLeft UIInterfaceOrientationLandscapeRight";
				LD_RUNPATH_SEARCH_PATHS = (
					"$(inherited)",
					"@executable_path/Frameworks",
				);
				MARKETING_VERSION = 1.0;
				PRODUCT_BUNDLE_IDENTIFIER = eser.ToDoApp;
				PRODUCT_NAME = "$(TARGET_NAME)";
				SWIFT_EMIT_LOC_STRINGS = YES;
				SWIFT_VERSION = 5.0;
				TARGETED_DEVICE_FAMILY = "1,2";
			};
			name = Release;
		};
		B8F9622027B0411B00784D7B /* Debug */ = {
			isa = XCBuildConfiguration;
			buildSettings = {
				ALWAYS_EMBED_SWIFT_STANDARD_LIBRARIES = YES;
				BUNDLE_LOADER = "$(TEST_HOST)";
				CODE_SIGN_STYLE = Automatic;
				CURRENT_PROJECT_VERSION = 1;
				GENERATE_INFOPLIST_FILE = YES;
				IPHONEOS_DEPLOYMENT_TARGET = 15.2;
				MARKETING_VERSION = 1.0;
				PRODUCT_BUNDLE_IDENTIFIER = eser.ToDoAppTests;
				PRODUCT_NAME = "$(TARGET_NAME)";
				SWIFT_EMIT_LOC_STRINGS = NO;
				SWIFT_VERSION = 5.0;
				TARGETED_DEVICE_FAMILY = "1,2";
				TEST_HOST = "$(BUILT_PRODUCTS_DIR)/ToDoApp.app/ToDoApp";
			};
			name = Debug;
		};
		B8F9622127B0411B00784D7B /* Release */ = {
			isa = XCBuildConfiguration;
			buildSettings = {
				ALWAYS_EMBED_SWIFT_STANDARD_LIBRARIES = YES;
				BUNDLE_LOADER = "$(TEST_HOST)";
				CODE_SIGN_STYLE = Automatic;
				CURRENT_PROJECT_VERSION = 1;
				GENERATE_INFOPLIST_FILE = YES;
				IPHONEOS_DEPLOYMENT_TARGET = 15.2;
				MARKETING_VERSION = 1.0;
				PRODUCT_BUNDLE_IDENTIFIER = eser.ToDoAppTests;
				PRODUCT_NAME = "$(TARGET_NAME)";
				SWIFT_EMIT_LOC_STRINGS = NO;
				SWIFT_VERSION = 5.0;
				TARGETED_DEVICE_FAMILY = "1,2";
				TEST_HOST = "$(BUILT_PRODUCTS_DIR)/ToDoApp.app/ToDoApp";
			};
			name = Release;
		};
		B8F9622327B0411B00784D7B /* Debug */ = {
			isa = XCBuildConfiguration;
			buildSettings = {
				ALWAYS_EMBED_SWIFT_STANDARD_LIBRARIES = YES;
				CODE_SIGN_STYLE = Automatic;
				CURRENT_PROJECT_VERSION = 1;
				GENERATE_INFOPLIST_FILE = YES;
				MARKETING_VERSION = 1.0;
				PRODUCT_BUNDLE_IDENTIFIER = eser.ToDoAppUITests;
				PRODUCT_NAME = "$(TARGET_NAME)";
				SWIFT_EMIT_LOC_STRINGS = NO;
				SWIFT_VERSION = 5.0;
				TARGETED_DEVICE_FAMILY = "1,2";
				TEST_TARGET_NAME = ToDoApp;
			};
			name = Debug;
		};
		B8F9622427B0411B00784D7B /* Release */ = {
			isa = XCBuildConfiguration;
			buildSettings = {
				ALWAYS_EMBED_SWIFT_STANDARD_LIBRARIES = YES;
				CODE_SIGN_STYLE = Automatic;
				CURRENT_PROJECT_VERSION = 1;
				GENERATE_INFOPLIST_FILE = YES;
				MARKETING_VERSION = 1.0;
				PRODUCT_BUNDLE_IDENTIFIER = eser.ToDoAppUITests;
				PRODUCT_NAME = "$(TARGET_NAME)";
				SWIFT_EMIT_LOC_STRINGS = NO;
				SWIFT_VERSION = 5.0;
				TARGETED_DEVICE_FAMILY = "1,2";
				TEST_TARGET_NAME = ToDoApp;
			};
			name = Release;
		};
/* End XCBuildConfiguration section */

/* Begin XCConfigurationList section */
		B8F961EA27B0411A00784D7B /* Build configuration list for PBXProject "ToDoApp" */ = {
			isa = XCConfigurationList;
			buildConfigurations = (
				B8F9621A27B0411B00784D7B /* Debug */,
				B8F9621B27B0411B00784D7B /* Release */,
			);
			defaultConfigurationIsVisible = 0;
			defaultConfigurationName = Release;
		};
		B8F9621C27B0411B00784D7B /* Build configuration list for PBXNativeTarget "ToDoApp" */ = {
			isa = XCConfigurationList;
			buildConfigurations = (
				B8F9621D27B0411B00784D7B /* Debug */,
				B8F9621E27B0411B00784D7B /* Release */,
			);
			defaultConfigurationIsVisible = 0;
			defaultConfigurationName = Release;
		};
		B8F9621F27B0411B00784D7B /* Build configuration list for PBXNativeTarget "ToDoAppTests" */ = {
			isa = XCConfigurationList;
			buildConfigurations = (
				B8F9622027B0411B00784D7B /* Debug */,
				B8F9622127B0411B00784D7B /* Release */,
			);
			defaultConfigurationIsVisible = 0;
			defaultConfigurationName = Release;
		};
		B8F9622227B0411B00784D7B /* Build configuration list for PBXNativeTarget "ToDoAppUITests" */ = {
			isa = XCConfigurationList;
			buildConfigurations = (
				B8F9622327B0411B00784D7B /* Debug */,
				B8F9622427B0411B00784D7B /* Release */,
			);
			defaultConfigurationIsVisible = 0;
			defaultConfigurationName = Release;
		};
/* End XCConfigurationList section */

/* Begin XCVersionGroup section */
		B8F961FB27B0411A00784D7B /* ToDoApp.xcdatamodeld */ = {
			isa = XCVersionGroup;
			children = (
				B8F961FC27B0411A00784D7B /* ToDoApp.xcdatamodel */,
			);
			currentVersion = B8F961FC27B0411A00784D7B /* ToDoApp.xcdatamodel */;
			path = ToDoApp.xcdatamodeld;
			sourceTree = "<group>";
			versionGroupType = wrapper.xcdatamodel;
		};
/* End XCVersionGroup section */
	};
	rootObject = B8F961E727B0411A00784D7B /* Project object */;
}
